{
    "_meta": {
        "hash": {
            "sha256": "2fec9ef353e94b3d76dd436838bb026769b8430a581cc74aa024074b3e0834ab"
        },
        "host-environment-markers": {
            "implementation_name": "cpython",
            "implementation_version": "3.6.4",
            "os_name": "nt",
            "platform_machine": "AMD64",
            "platform_python_implementation": "CPython",
            "platform_release": "10",
            "platform_system": "Windows",
            "platform_version": "10.0.16299",
            "python_full_version": "3.6.4",
            "python_version": "3.6",
            "sys_platform": "win32"
        },
        "pipfile-spec": 6,
        "requires": {
            "python_version": "3.6"
        },
        "sources": [
            {
                "name": "pypi",
                "url": "https://pypi.python.org/simple",
                "verify_ssl": true
            }
        ]
    },
    "default": {
        "pypiwin32": {
            "hashes": [
                "sha256:ceacd1b853fd9f521808d52554a1dcf1231d63c0e7409898ca6502e73e447b6b",
                "sha256:0cece5cf12ae7f4b32764db8a12cdb1a8b27184be681e0cfbd2996f0cc07376f"
            ],
            "version": "==220"
        },
        "pyreadline": {
            "hashes": [
                "sha256:65540c21bfe14405a3a77e4c085ecfce88724743a4ead47c66b84defcf82c32e",
                "sha256:9ce5fa65b8992dfa373bddc5b6e0864ead8f291c94fbfec05fbd5c836162e67b",
                "sha256:4530592fc2e85b25b1a9f79664433da09237c1a270e4d78ea5aa3a2c7229e2d1"
            ],
            "version": "==2.1"
        }
    },
    "develop": {}
}
